
Microsoft Visual Studio Solution File, Format Version 12.00
# Visual Studio Version 17
VisualStudioVersion = 17.10.35013.160
MinimumVisualStudioVersion = 10.0.40219.1
Project("{2150E333-8FDC-42A3-9474-1A3956D46DE8}") = "1 - Common", "1 - Common", "{A4961671-A762-473B-B99E-8B69C4254B92}"
EndProject
Project("{2150E333-8FDC-42A3-9474-1A3956D46DE8}") = "2 - Cross Cutting Layer", "2 - Cross Cutting Layer", "{B2DCA397-E40D-4EFD-9796-779BD8A7C233}"
EndProject
Project("{2150E333-8FDC-42A3-9474-1A3956D46DE8}") = "3 - Data Access Layer", "3 - Data Access Layer", "{0B54EAAF-D107-4D08-8C81-C46681F15560}"
EndProject
Project("{2150E333-8FDC-42A3-9474-1A3956D46DE8}") = "4 - Business Layer", "4 - Business Layer", "{D65A3B99-0715-474D-8451-6144C7C90DFA}"
EndProject
Project("{2150E333-8FDC-42A3-9474-1A3956D46DE8}") = "5 - Presentation Layer", "5 - Presentation Layer", "{0B1521C6-626A-4C97-9500-C2DD9CC9CD21}"
EndProject
Project("{9A19103F-16F7-4668-BE54-9A1E7A4F7556}") = "Core", "Core\Core.csproj", "{E9FDA85F-106C-4868-A2BD-87EE281D4F81}"
EndProject
Project("{9A19103F-16F7-4668-BE54-9A1E7A4F7556}") = "WebAPI", "WebAPI\WebAPI.csproj", "{C97C4E8A-2310-498C-B488-8E70F34770F2}"
EndProject
Project("{9A19103F-16F7-4668-BE54-9A1E7A4F7556}") = "CarRental.Business", "Business\CarRental.Business.csproj", "{C1493812-96D1-4951-8C45-5C13B849A2C1}"
EndProject
Project("{9A19103F-16F7-4668-BE54-9A1E7A4F7556}") = "CarRental.Data", "Data Access\CarRental.Data.csproj", "{3321FA66-463B-46DB-AF22-CF0A5C71B6E9}"
EndProject
Project("{FAE04EC0-301F-11D3-BF4B-00C04F79EFBC}") = "CarRental.Data.Contracts", "CarRental.Data.Contracts\CarRental.Data.Contracts.csproj", "{0B755A3D-1B88-4DFE-92AB-ED86FE2E261E}"
EndProject
Global
	GlobalSection(SolutionConfigurationPlatforms) = preSolution
		Debug|Any CPU = Debug|Any CPU
		Release|Any CPU = Release|Any CPU
	EndGlobalSection
	GlobalSection(ProjectConfigurationPlatforms) = postSolution
		{E9FDA85F-106C-4868-A2BD-87EE281D4F81}.Debug|Any CPU.ActiveCfg = Debug|Any CPU
		{E9FDA85F-106C-4868-A2BD-87EE281D4F81}.Debug|Any CPU.Build.0 = Debug|Any CPU
		{E9FDA85F-106C-4868-A2BD-87EE281D4F81}.Release|Any CPU.ActiveCfg = Release|Any CPU
		{E9FDA85F-106C-4868-A2BD-87EE281D4F81}.Release|Any CPU.Build.0 = Release|Any CPU
		{C97C4E8A-2310-498C-B488-8E70F34770F2}.Debug|Any CPU.ActiveCfg = Debug|Any CPU
		{C97C4E8A-2310-498C-B488-8E70F34770F2}.Debug|Any CPU.Build.0 = Debug|Any CPU
		{C97C4E8A-2310-498C-B488-8E70F34770F2}.Release|Any CPU.ActiveCfg = Release|Any CPU
		{C97C4E8A-2310-498C-B488-8E70F34770F2}.Release|Any CPU.Build.0 = Release|Any CPU
		{C1493812-96D1-4951-8C45-5C13B849A2C1}.Debug|Any CPU.ActiveCfg = Debug|Any CPU
		{C1493812-96D1-4951-8C45-5C13B849A2C1}.Debug|Any CPU.Build.0 = Debug|Any CPU
		{C1493812-96D1-4951-8C45-5C13B849A2C1}.Release|Any CPU.ActiveCfg = Release|Any CPU
		{C1493812-96D1-4951-8C45-5C13B849A2C1}.Release|Any CPU.Build.0 = Release|Any CPU
		{3321FA66-463B-46DB-AF22-CF0A5C71B6E9}.Debug|Any CPU.ActiveCfg = Debug|Any CPU
		{3321FA66-463B-46DB-AF22-CF0A5C71B6E9}.Debug|Any CPU.Build.0 = Debug|Any CPU
		{3321FA66-463B-46DB-AF22-CF0A5C71B6E9}.Release|Any CPU.ActiveCfg = Release|Any CPU
		{3321FA66-463B-46DB-AF22-CF0A5C71B6E9}.Release|Any CPU.Build.0 = Release|Any CPU
		{0B755A3D-1B88-4DFE-92AB-ED86FE2E261E}.Debug|Any CPU.ActiveCfg = Debug|Any CPU
		{0B755A3D-1B88-4DFE-92AB-ED86FE2E261E}.Debug|Any CPU.Build.0 = Debug|Any CPU
		{0B755A3D-1B88-4DFE-92AB-ED86FE2E261E}.Release|Any CPU.ActiveCfg = Release|Any CPU
		{0B755A3D-1B88-4DFE-92AB-ED86FE2E261E}.Release|Any CPU.Build.0 = Release|Any CPU
	EndGlobalSection
	GlobalSection(SolutionProperties) = preSolution
		HideSolutionNode = FALSE
	EndGlobalSection
	GlobalSection(NestedProjects) = preSolution
		{E9FDA85F-106C-4868-A2BD-87EE281D4F81} = {A4961671-A762-473B-B99E-8B69C4254B92}
		{C97C4E8A-2310-498C-B488-8E70F34770F2} = {0B1521C6-626A-4C97-9500-C2DD9CC9CD21}
		{C1493812-96D1-4951-8C45-5C13B849A2C1} = {D65A3B99-0715-474D-8451-6144C7C90DFA}
		{3321FA66-463B-46DB-AF22-CF0A5C71B6E9} = {0B54EAAF-D107-4D08-8C81-C46681F15560}
		{0B755A3D-1B88-4DFE-92AB-ED86FE2E261E} = {0B54EAAF-D107-4D08-8C81-C46681F15560}
	EndGlobalSection
	GlobalSection(ExtensibilityGlobals) = postSolution
		SolutionGuid = {B6AD240B-AFDF-4E9A-BB12-7E88EAB80887}
	EndGlobalSection
EndGlobal
